
Microsoft Visual Studio Solution File, Format Version 12.00
Project("{FAE04EC0-301F-11D3-BF4B-00C04F79EFBC}") = "Neocra.Markgen", "Neocra.Markgen\Neocra.Markgen.csproj", "{BC9AD403-876E-41B3-8CD5-8B2E08F238E2}"
EndProject
Project("{FAE04EC0-301F-11D3-BF4B-00C04F79EFBC}") = "Neocra.Markgen.Tests", "Neocra.Markgen.Tests\Neocra.Markgen.Tests.csproj", "{C9FE6C6B-A1E6-4C70-8DB4-7F2384D730F2}"
EndProject
Global
	GlobalSection(SolutionConfigurationPlatforms) = preSolution
		Debug|Any CPU = Debug|Any CPU
		Release|Any CPU = Release|Any CPU
	EndGlobalSection
	GlobalSection(ProjectConfigurationPlatforms) = postSolution
		{BC9AD403-876E-41B3-8CD5-8B2E08F238E2}.Debug|Any CPU.ActiveCfg = Debug|Any CPU
		{BC9AD403-876E-41B3-8CD5-8B2E08F238E2}.Debug|Any CPU.Build.0 = Debug|Any CPU
		{BC9AD403-876E-41B3-8CD5-8B2E08F238E2}.Release|Any CPU.ActiveCfg = Release|Any CPU
		{BC9AD403-876E-41B3-8CD5-8B2E08F238E2}.Release|Any CPU.Build.0 = Release|Any CPU
		{C9FE6C6B-A1E6-4C70-8DB4-7F2384D730F2}.Debug|Any CPU.ActiveCfg = Debug|Any CPU
		{C9FE6C6B-A1E6-4C70-8DB4-7F2384D730F2}.Debug|Any CPU.Build.0 = Debug|Any CPU
		{C9FE6C6B-A1E6-4C70-8DB4-7F2384D730F2}.Release|Any CPU.ActiveCfg = Release|Any CPU
		{C9FE6C6B-A1E6-4C70-8DB4-7F2384D730F2}.Release|Any CPU.Build.0 = Release|Any CPU
	EndGlobalSection
EndGlobal
